# This file is automatically @generated by Cargo.
# It is not intended for manual editing.
version = 4

[[package]]
name = "autocfg"
version = "1.4.0"
source = "registry+https://github.com/rust-lang/crates.io-index"
checksum = "ace50bade8e6234aa140d9a2f552bbee1db4d353f69b8217bc503490fc1a9f26"

[[package]]
name = "cfg-if"
version = "1.0.0"
source = "registry+https://github.com/rust-lang/crates.io-index"
checksum = "baf1de4339761588bc0619e3cbc0120ee582ebb74b53b4efbf79117bd2da40fd"

[[package]]
name = "libc"
version = "0.2.109"
source = "registry+https://github.com/rust-lang/crates.io-index"
checksum = "f98a04dce437184842841303488f70d0188c5f51437d2a834dc097eafa909a01"

[[package]]
name = "memoffset"
version = "0.9.1"
source = "registry+https://github.com/rust-lang/crates.io-index"
checksum = "488016bfae457b036d996092f6cb448677611ce4449e970ceaf42695203f218a"
dependencies = [
 "autocfg",
]

[[package]]
name = "once_cell"
version = "1.21.3"
source = "registry+https://github.com/rust-lang/crates.io-index"
checksum = "42f5e15c9953c5e4ccceeb2e7382a716482c34515315f7b03532b8b4e8393d2d"

[[package]]
name = "portable-atomic"
version = "1.11.0"
source = "registry+https://github.com/rust-lang/crates.io-index"
checksum = "350e9b48cbc6b0e028b0473b114454c6316e57336ee184ceab6e53f72c178b3e"

[[package]]
name = "pyo3"
version = "0.24.1"
source = "registry+https://github.com/rust-lang/crates.io-index"
checksum = "17da310086b068fbdcefbba30aeb3721d5bb9af8db4987d6735b2183ca567229"
dependencies = [
 "cfg-if",
 "libc",
 "memoffset",
 "once_cell",
 "portable-atomic",
 "pyo3-build-config",
 "pyo3-ffi",
]

[[package]]
name = "pyo3-build-config"
version = "0.24.1"
source = "registry+https://github.com/rust-lang/crates.io-index"
checksum = "e27165889bd793000a098bb966adc4300c312497ea25cf7a690a9f0ac5aa5fc1"
dependencies = [
 "once_cell",
 "target-lexicon",
]

[[package]]
name = "pyo3-ffi"
version = "0.24.1"
source = "registry+https://github.com/rust-lang/crates.io-index"
checksum = "05280526e1dbf6b420062f3ef228b78c0c54ba94e157f5cb724a609d0f2faabc"
dependencies = [
 "libc",
 "pyo3-build-config",
]

[[package]]
name = "pyo3_evcxr"
version = "0.1.0"
dependencies = [
 "libc",
 "pyo3",
]

[[package]]
name = "target-lexicon"
version = "0.13.2"
source = "registry+https://github.com/rust-lang/crates.io-index"
checksum = "e502f78cdbb8ba4718f566c418c52bc729126ffd16baee5baa718cf25dd5a69a"
